
Microsoft Visual Studio Solution File, Format Version 12.00
# Visual Studio Version 17
VisualStudioVersion = 17.5.002.0
MinimumVisualStudioVersion = 10.0.40219.1
Project("{9A19103F-16F7-4668-BE54-9A1E7A4F7556}") = "aula1408", "aula1408.csproj", "{61635841-E83E-4292-9244-45D2836DECFB}"
EndProject
Global
	GlobalSection(SolutionConfigurationPlatforms) = preSolution
		Debug|Any CPU = Debug|Any CPU
		Release|Any CPU = Release|Any CPU
	EndGlobalSection
	GlobalSection(ProjectConfigurationPlatforms) = postSolution
		{61635841-E83E-4292-9244-45D2836DECFB}.Debug|Any CPU.ActiveCfg = Debug|Any CPU
		{61635841-E83E-4292-9244-45D2836DECFB}.Debug|Any CPU.Build.0 = Debug|Any CPU
		{61635841-E83E-4292-9244-45D2836DECFB}.Release|Any CPU.ActiveCfg = Release|Any CPU
		{61635841-E83E-4292-9244-45D2836DECFB}.Release|Any CPU.Build.0 = Release|Any CPU
	EndGlobalSection
	GlobalSection(SolutionProperties) = preSolution
		HideSolutionNode = FALSE
	EndGlobalSection
	GlobalSection(ExtensibilityGlobals) = postSolution
		SolutionGuid = {503EE21D-9445-461B-9D4C-641E10E94868}
	EndGlobalSection
EndGlobal
